
Microsoft Visual Studio Solution File, Format Version 12.00
# Visual Studio 15
VisualStudioVersion = 15.0.27130.2027
MinimumVisualStudioVersion = 10.0.40219.1
Project("{FAE04EC0-301F-11D3-BF4B-00C04F79EFBC}") = "MeetUp.Web", "MeetUp.Web\MeetUp.Web.csproj", "{766C707A-5D5F-400E-8D28-6DFFDEEF1B2A}"
EndProject
Project("{FAE04EC0-301F-11D3-BF4B-00C04F79EFBC}") = "MeetUp.Data", "MeetUp.Data\MeetUp.Data.csproj", "{794E28D2-8A61-42F1-8706-A3519F6C4792}"
EndProject
Project("{FAE04EC0-301F-11D3-BF4B-00C04F79EFBC}") = "MeetUp.Services", "MeetUp.Services\MeetUp.Services.csproj", "{ABA5F999-88D6-4250-BD93-E726647710EE}"
EndProject
Project("{FAE04EC0-301F-11D3-BF4B-00C04F79EFBC}") = "MeetUp.Admin", "MeetUp.Admin\MeetUp.Admin.csproj", "{721F4438-F1BB-469E-AB15-B8B88D854EB1}"
EndProject
Global
	GlobalSection(SolutionConfigurationPlatforms) = preSolution
		Debug|Any CPU = Debug|Any CPU
		Release|Any CPU = Release|Any CPU
	EndGlobalSection
	GlobalSection(ProjectConfigurationPlatforms) = postSolution
		{766C707A-5D5F-400E-8D28-6DFFDEEF1B2A}.Debug|Any CPU.ActiveCfg = Debug|Any CPU
		{766C707A-5D5F-400E-8D28-6DFFDEEF1B2A}.Debug|Any CPU.Build.0 = Debug|Any CPU
		{766C707A-5D5F-400E-8D28-6DFFDEEF1B2A}.Release|Any CPU.ActiveCfg = Release|Any CPU
		{766C707A-5D5F-400E-8D28-6DFFDEEF1B2A}.Release|Any CPU.Build.0 = Release|Any CPU
		{794E28D2-8A61-42F1-8706-A3519F6C4792}.Debug|Any CPU.ActiveCfg = Debug|Any CPU
		{794E28D2-8A61-42F1-8706-A3519F6C4792}.Debug|Any CPU.Build.0 = Debug|Any CPU
		{794E28D2-8A61-42F1-8706-A3519F6C4792}.Release|Any CPU.ActiveCfg = Release|Any CPU
		{794E28D2-8A61-42F1-8706-A3519F6C4792}.Release|Any CPU.Build.0 = Release|Any CPU
		{ABA5F999-88D6-4250-BD93-E726647710EE}.Debug|Any CPU.ActiveCfg = Debug|Any CPU
		{ABA5F999-88D6-4250-BD93-E726647710EE}.Debug|Any CPU.Build.0 = Debug|Any CPU
		{ABA5F999-88D6-4250-BD93-E726647710EE}.Release|Any CPU.ActiveCfg = Release|Any CPU
		{ABA5F999-88D6-4250-BD93-E726647710EE}.Release|Any CPU.Build.0 = Release|Any CPU
		{721F4438-F1BB-469E-AB15-B8B88D854EB1}.Debug|Any CPU.ActiveCfg = Debug|Any CPU
		{721F4438-F1BB-469E-AB15-B8B88D854EB1}.Debug|Any CPU.Build.0 = Debug|Any CPU
		{721F4438-F1BB-469E-AB15-B8B88D854EB1}.Release|Any CPU.ActiveCfg = Release|Any CPU
		{721F4438-F1BB-469E-AB15-B8B88D854EB1}.Release|Any CPU.Build.0 = Release|Any CPU
	EndGlobalSection
	GlobalSection(SolutionProperties) = preSolution
		HideSolutionNode = FALSE
	EndGlobalSection
	GlobalSection(ExtensibilityGlobals) = postSolution
		SolutionGuid = {10E00827-D96E-480B-81A8-69AD142030AD}
	EndGlobalSection
EndGlobal
